
Microsoft Visual Studio Solution File, Format Version 12.00
# Visual Studio Version 17
VisualStudioVersion = 17.10.35122.118
MinimumVisualStudioVersion = 10.0.40219.1
Project("{9A19103F-16F7-4668-BE54-9A1E7A4F7556}") = "gebeya01", "gebeya01.csproj", "{12D183C2-AF6F-4F9C-9976-CB2C16882EC9}"
EndProject
Project("{FAE04EC0-301F-11D3-BF4B-00C04F79EFBC}") = "HospitalSystem", "..\HospitalSystem\HospitalSystem.csproj", "{37560376-4BA6-475A-8215-914ABDCB3DF9}"
EndProject
Global
	GlobalSection(SolutionConfigurationPlatforms) = preSolution
		Debug|Any CPU = Debug|Any CPU
		Release|Any CPU = Release|Any CPU
	EndGlobalSection
	GlobalSection(ProjectConfigurationPlatforms) = postSolution
		{12D183C2-AF6F-4F9C-9976-CB2C16882EC9}.Debug|Any CPU.ActiveCfg = Debug|Any CPU
		{12D183C2-AF6F-4F9C-9976-CB2C16882EC9}.Debug|Any CPU.Build.0 = Debug|Any CPU
		{12D183C2-AF6F-4F9C-9976-CB2C16882EC9}.Release|Any CPU.ActiveCfg = Release|Any CPU
		{12D183C2-AF6F-4F9C-9976-CB2C16882EC9}.Release|Any CPU.Build.0 = Release|Any CPU
		{37560376-4BA6-475A-8215-914ABDCB3DF9}.Debug|Any CPU.ActiveCfg = Debug|Any CPU
		{37560376-4BA6-475A-8215-914ABDCB3DF9}.Debug|Any CPU.Build.0 = Debug|Any CPU
		{37560376-4BA6-475A-8215-914ABDCB3DF9}.Release|Any CPU.ActiveCfg = Release|Any CPU
		{37560376-4BA6-475A-8215-914ABDCB3DF9}.Release|Any CPU.Build.0 = Release|Any CPU
	EndGlobalSection
	GlobalSection(SolutionProperties) = preSolution
		HideSolutionNode = FALSE
	EndGlobalSection
	GlobalSection(ExtensibilityGlobals) = postSolution
		SolutionGuid = {65C9A2BF-E720-48C7-9792-315717C71D01}
	EndGlobalSection
EndGlobal
